
Microsoft Visual Studio Solution File, Format Version 12.00
# Visual Studio Version 17
VisualStudioVersion = 17.7.34018.315
MinimumVisualStudioVersion = 10.0.40219.1
Project("{FAE04EC0-301F-11D3-BF4B-00C04F79EFBC}") = "Act0Exercice3_VictorPholien", "Act0Exercice3_VictorPholien\Act0Exercice3_VictorPholien.csproj", "{A50F5178-C162-4A09-BF13-AAAB29728EFC}"
EndProject
Global
	GlobalSection(SolutionConfigurationPlatforms) = preSolution
		Debug|Any CPU = Debug|Any CPU
		Release|Any CPU = Release|Any CPU
	EndGlobalSection
	GlobalSection(ProjectConfigurationPlatforms) = postSolution
		{A50F5178-C162-4A09-BF13-AAAB29728EFC}.Debug|Any CPU.ActiveCfg = Debug|Any CPU
		{A50F5178-C162-4A09-BF13-AAAB29728EFC}.Debug|Any CPU.Build.0 = Debug|Any CPU
		{A50F5178-C162-4A09-BF13-AAAB29728EFC}.Release|Any CPU.ActiveCfg = Release|Any CPU
		{A50F5178-C162-4A09-BF13-AAAB29728EFC}.Release|Any CPU.Build.0 = Release|Any CPU
	EndGlobalSection
	GlobalSection(SolutionProperties) = preSolution
		HideSolutionNode = FALSE
	EndGlobalSection
	GlobalSection(ExtensibilityGlobals) = postSolution
		SolutionGuid = {917F7B36-11C0-43B8-8808-4CE10D856A1C}
	EndGlobalSection
EndGlobal
